
Microsoft Visual Studio Solution File, Format Version 12.00
# Visual Studio Version 17
VisualStudioVersion = 17.0.32014.148
MinimumVisualStudioVersion = 10.0.40219.1
Project("{FAE04EC0-301F-11D3-BF4B-00C04F79EFBC}") = "CalcStack", "CalcStack\CalcStack.csproj", "{2647D12C-8ADD-45CC-9390-37FCCE9353B7}"
EndProject
Global
	GlobalSection(SolutionConfigurationPlatforms) = preSolution
		Debug|Any CPU = Debug|Any CPU
		Release|Any CPU = Release|Any CPU
	EndGlobalSection
	GlobalSection(ProjectConfigurationPlatforms) = postSolution
		{2647D12C-8ADD-45CC-9390-37FCCE9353B7}.Debug|Any CPU.ActiveCfg = Debug|Any CPU
		{2647D12C-8ADD-45CC-9390-37FCCE9353B7}.Debug|Any CPU.Build.0 = Debug|Any CPU
		{2647D12C-8ADD-45CC-9390-37FCCE9353B7}.Release|Any CPU.ActiveCfg = Release|Any CPU
		{2647D12C-8ADD-45CC-9390-37FCCE9353B7}.Release|Any CPU.Build.0 = Release|Any CPU
	EndGlobalSection
	GlobalSection(SolutionProperties) = preSolution
		HideSolutionNode = FALSE
	EndGlobalSection
	GlobalSection(ExtensibilityGlobals) = postSolution
		SolutionGuid = {7BADE28B-CC95-4438-B376-247CD6701B4B}
	EndGlobalSection
EndGlobal
